// !$*UTF8*$!
{
	archiveVersion = 1;
	classes = {
	};
	objectVersion = 46;
	objects = {

/* Begin PBXBuildFile section */
		0304126F1A1EBA7D0055110F /* half_selected_star.png in Resources */ = {isa = PBXBuildFile; fileRef = 030412691A1EBA7D0055110F /* half_selected_star.png */; };
		030412701A1EBA7D0055110F /* half_selected_star@2x.png in Resources */ = {isa = PBXBuildFile; fileRef = 0304126A1A1EBA7D0055110F /* half_selected_star@2x.png */; };
		030412711A1EBA7D0055110F /* not_selected_star.png in Resources */ = {isa = PBXBuildFile; fileRef = 0304126B1A1EBA7D0055110F /* not_selected_star.png */; };
		030412721A1EBA7D0055110F /* not_selected_star@2x.png in Resources */ = {isa = PBXBuildFile; fileRef = 0304126C1A1EBA7D0055110F /* not_selected_star@2x.png */; };
		030412731A1EBA7D0055110F /* selected_star.png in Resources */ = {isa = PBXBuildFile; fileRef = 0304126D1A1EBA7D0055110F /* selected_star.png */; };
		030412741A1EBA7D0055110F /* selected_star@2x.png in Resources */ = {isa = PBXBuildFile; fileRef = 0304126E1A1EBA7D0055110F /* selected_star@2x.png */; };
		03A963421A1A746700F19EA7 /* main.m in Sources */ = {isa = PBXBuildFile; fileRef = 03A963411A1A746700F19EA7 /* main.m */; };
		03A963451A1A746700F19EA7 /* AppDelegate.m in Sources */ = {isa = PBXBuildFile; fileRef = 03A963441A1A746700F19EA7 /* AppDelegate.m */; };
		03A963481A1A746700F19EA7 /* WorkWherever.xcdatamodeld in Sources */ = {isa = PBXBuildFile; fileRef = 03A963461A1A746700F19EA7 /* WorkWherever.xcdatamodeld */; };
		03A9634B1A1A746700F19EA7 /* ViewController.m in Sources */ = {isa = PBXBuildFile; fileRef = 03A9634A1A1A746700F19EA7 /* ViewController.m */; };
		03A9634E1A1A746700F19EA7 /* Main.storyboard in Resources */ = {isa = PBXBuildFile; fileRef = 03A9634C1A1A746700F19EA7 /* Main.storyboard */; };
		03A963501A1A746700F19EA7 /* Images.xcassets in Resources */ = {isa = PBXBuildFile; fileRef = 03A9634F1A1A746700F19EA7 /* Images.xcassets */; };
		03A963531A1A746700F19EA7 /* LaunchScreen.xib in Resources */ = {isa = PBXBuildFile; fileRef = 03A963511A1A746700F19EA7 /* LaunchScreen.xib */; };
		03A9635F1A1A746700F19EA7 /* WorkWhereverTests.m in Sources */ = {isa = PBXBuildFile; fileRef = 03A9635E1A1A746700F19EA7 /* WorkWhereverTests.m */; };
		03A9636B1A1AA1B700F19EA7 /* CoreData.framework in Frameworks */ = {isa = PBXBuildFile; fileRef = 03A9636A1A1AA1B700F19EA7 /* CoreData.framework */; };
		03A9636D1A1AA1BF00F19EA7 /* CoreLocation.framework in Frameworks */ = {isa = PBXBuildFile; fileRef = 03A9636C1A1AA1BF00F19EA7 /* CoreLocation.framework */; };
		03A9636F1A1AA1D000F19EA7 /* CoreText.framework in Frameworks */ = {isa = PBXBuildFile; fileRef = 03A9636E1A1AA1D000F19EA7 /* CoreText.framework */; };
		03A963711A1AA1D800F19EA7 /* GLKit.framework in Frameworks */ = {isa = PBXBuildFile; fileRef = 03A963701A1AA1D800F19EA7 /* GLKit.framework */; };
		03A963731A1AA1DF00F19EA7 /* ImageIO.framework in Frameworks */ = {isa = PBXBuildFile; fileRef = 03A963721A1AA1DF00F19EA7 /* ImageIO.framework */; };
		03A963751A1AA1F100F19EA7 /* libc++.dylib in Frameworks */ = {isa = PBXBuildFile; fileRef = 03A963741A1AA1F100F19EA7 /* libc++.dylib */; };
		03A963771A1AA20500F19EA7 /* libicucore.dylib in Frameworks */ = {isa = PBXBuildFile; fileRef = 03A963761A1AA20500F19EA7 /* libicucore.dylib */; };
		03A963791A1AA21100F19EA7 /* libz.dylib in Frameworks */ = {isa = PBXBuildFile; fileRef = 03A963781A1AA21100F19EA7 /* libz.dylib */; };
		03A9637B1A1AA21800F19EA7 /* OpenGLES.framework in Frameworks */ = {isa = PBXBuildFile; fileRef = 03A9637A1A1AA21800F19EA7 /* OpenGLES.framework */; };
		03A9637D1A1AA22100F19EA7 /* QuartzCore.framework in Frameworks */ = {isa = PBXBuildFile; fileRef = 03A9637C1A1AA22100F19EA7 /* QuartzCore.framework */; };
		03A9637F1A1AA22900F19EA7 /* SystemConfiguration.framework in Frameworks */ = {isa = PBXBuildFile; fileRef = 03A9637E1A1AA22900F19EA7 /* SystemConfiguration.framework */; };
		03A963811A1AA23400F19EA7 /* AVFoundation.framework in Frameworks */ = {isa = PBXBuildFile; fileRef = 03A963801A1AA23400F19EA7 /* AVFoundation.framework */; };
		03A963841A1AA45000F19EA7 /* MapViewController.m in Sources */ = {isa = PBXBuildFile; fileRef = 03A963831A1AA45000F19EA7 /* MapViewController.m */; };
		03A963A01A1BFC6A00F19EA7 /* NetworkController.m in Sources */ = {isa = PBXBuildFile; fileRef = 03A9639F1A1BFC6A00F19EA7 /* NetworkController.m */; };
		03A963A31A1BFDE400F19EA7 /* Constants.m in Sources */ = {isa = PBXBuildFile; fileRef = 03A963A21A1BFDE400F19EA7 /* Constants.m */; };
		03A963A71A1C051800F19EA7 /* Place.m in Sources */ = {isa = PBXBuildFile; fileRef = 03A963A61A1C051800F19EA7 /* Place.m */; };
		03A963A91A1C1A9800F19EA7 /* GooglePlacesExample.json in Resources */ = {isa = PBXBuildFile; fileRef = 03A963A81A1C1A9800F19EA7 /* GooglePlacesExample.json */; };
		03A963BE1A1D4E0900F19EA7 /* GoogleMaps.framework in Frameworks */ = {isa = PBXBuildFile; fileRef = 450EAC5A1A1BB4D800C302BE /* GoogleMaps.framework */; };
		03A963C11A1D4EC900F19EA7 /* GoogleMaps.bundle in Resources */ = {isa = PBXBuildFile; fileRef = 03A963C01A1D4EC900F19EA7 /* GoogleMaps.bundle */; };
		03A963C31A1D5C1500F19EA7 /* InfoWindow.xib in Resources */ = {isa = PBXBuildFile; fileRef = 03A963C21A1D5C1500F19EA7 /* InfoWindow.xib */; };
		03A963C71A1D5DA200F19EA7 /* InfoWindow.m in Sources */ = {isa = PBXBuildFile; fileRef = 03A963C61A1D5DA200F19EA7 /* InfoWindow.m */; };
		03A963CA1A1E68AC00F19EA7 /* Transitioner.m in Sources */ = {isa = PBXBuildFile; fileRef = 03A963C91A1E68AC00F19EA7 /* Transitioner.m */; };
		03A964081A1EA7A600F19EA7 /* PlaceMarker.m in Sources */ = {isa = PBXBuildFile; fileRef = 03A964071A1EA7A600F19EA7 /* PlaceMarker.m */; };
		03BCF71E1A1EC46700DB8FF6 /* ASStarRatingView.m in Sources */ = {isa = PBXBuildFile; fileRef = 03BCF71D1A1EC46700DB8FF6 /* ASStarRatingView.m */; };
/* End PBXBuildFile section */

/* Begin PBXContainerItemProxy section */
		03A963591A1A746700F19EA7 /* PBXContainerItemProxy */ = {
			isa = PBXContainerItemProxy;
			containerPortal = 03A963341A1A746700F19EA7 /* Project object */;
			proxyType = 1;
			remoteGlobalIDString = 03A9633B1A1A746700F19EA7;
			remoteInfo = WorkWherever;
		};
/* End PBXContainerItemProxy section */

/* Begin PBXFileReference section */
		030412691A1EBA7D0055110F /* half_selected_star.png */ = {isa = PBXFileReference; lastKnownFileType = image.png; path = half_selected_star.png; sourceTree = "<group>"; };
		0304126A1A1EBA7D0055110F /* half_selected_star@2x.png */ = {isa = PBXFileReference; lastKnownFileType = image.png; path = "half_selected_star@2x.png"; sourceTree = "<group>"; };
		0304126B1A1EBA7D0055110F /* not_selected_star.png */ = {isa = PBXFileReference; lastKnownFileType = image.png; path = not_selected_star.png; sourceTree = "<group>"; };
		0304126C1A1EBA7D0055110F /* not_selected_star@2x.png */ = {isa = PBXFileReference; lastKnownFileType = image.png; path = "not_selected_star@2x.png"; sourceTree = "<group>"; };
		0304126D1A1EBA7D0055110F /* selected_star.png */ = {isa = PBXFileReference; lastKnownFileType = image.png; path = selected_star.png; sourceTree = "<group>"; };
		0304126E1A1EBA7D0055110F /* selected_star@2x.png */ = {isa = PBXFileReference; lastKnownFileType = image.png; path = "selected_star@2x.png"; sourceTree = "<group>"; };
		03A9633C1A1A746700F19EA7 /* WorkWherever.app */ = {isa = PBXFileReference; explicitFileType = wrapper.application; includeInIndex = 0; path = WorkWherever.app; sourceTree = BUILT_PRODUCTS_DIR; };
		03A963401A1A746700F19EA7 /* Info.plist */ = {isa = PBXFileReference; lastKnownFileType = text.plist.xml; path = Info.plist; sourceTree = "<group>"; };
		03A963411A1A746700F19EA7 /* main.m */ = {isa = PBXFileReference; lastKnownFileType = sourcecode.c.objc; path = main.m; sourceTree = "<group>"; };
		03A963431A1A746700F19EA7 /* AppDelegate.h */ = {isa = PBXFileReference; lastKnownFileType = sourcecode.c.h; path = AppDelegate.h; sourceTree = "<group>"; };
		03A963441A1A746700F19EA7 /* AppDelegate.m */ = {isa = PBXFileReference; lastKnownFileType = sourcecode.c.objc; path = AppDelegate.m; sourceTree = "<group>"; };
		03A963471A1A746700F19EA7 /* WorkWherever.xcdatamodel */ = {isa = PBXFileReference; lastKnownFileType = wrapper.xcdatamodel; path = WorkWherever.xcdatamodel; sourceTree = "<group>"; };
		03A963491A1A746700F19EA7 /* ViewController.h */ = {isa = PBXFileReference; lastKnownFileType = sourcecode.c.h; path = ViewController.h; sourceTree = "<group>"; };
		03A9634A1A1A746700F19EA7 /* ViewController.m */ = {isa = PBXFileReference; lastKnownFileType = sourcecode.c.objc; path = ViewController.m; sourceTree = "<group>"; };
		03A9634D1A1A746700F19EA7 /* Base */ = {isa = PBXFileReference; lastKnownFileType = file.storyboard; name = Base; path = Base.lproj/Main.storyboard; sourceTree = "<group>"; };
		03A9634F1A1A746700F19EA7 /* Images.xcassets */ = {isa = PBXFileReference; lastKnownFileType = folder.assetcatalog; path = Images.xcassets; sourceTree = "<group>"; };
		03A963521A1A746700F19EA7 /* Base */ = {isa = PBXFileReference; lastKnownFileType = file.xib; name = Base; path = Base.lproj/LaunchScreen.xib; sourceTree = "<group>"; };
		03A963581A1A746700F19EA7 /* WorkWhereverTests.xctest */ = {isa = PBXFileReference; explicitFileType = wrapper.cfbundle; includeInIndex = 0; path = WorkWhereverTests.xctest; sourceTree = BUILT_PRODUCTS_DIR; };
		03A9635D1A1A746700F19EA7 /* Info.plist */ = {isa = PBXFileReference; lastKnownFileType = text.plist.xml; path = Info.plist; sourceTree = "<group>"; };
		03A9635E1A1A746700F19EA7 /* WorkWhereverTests.m */ = {isa = PBXFileReference; lastKnownFileType = sourcecode.c.objc; path = WorkWhereverTests.m; sourceTree = "<group>"; };
		03A9636A1A1AA1B700F19EA7 /* CoreData.framework */ = {isa = PBXFileReference; lastKnownFileType = wrapper.framework; name = CoreData.framework; path = System/Library/Frameworks/CoreData.framework; sourceTree = SDKROOT; };
		03A9636C1A1AA1BF00F19EA7 /* CoreLocation.framework */ = {isa = PBXFileReference; lastKnownFileType = wrapper.framework; name = CoreLocation.framework; path = System/Library/Frameworks/CoreLocation.framework; sourceTree = SDKROOT; };
		03A9636E1A1AA1D000F19EA7 /* CoreText.framework */ = {isa = PBXFileReference; lastKnownFileType = wrapper.framework; name = CoreText.framework; path = System/Library/Frameworks/CoreText.framework; sourceTree = SDKROOT; };
		03A963701A1AA1D800F19EA7 /* GLKit.framework */ = {isa = PBXFileReference; lastKnownFileType = wrapper.framework; name = GLKit.framework; path = System/Library/Frameworks/GLKit.framework; sourceTree = SDKROOT; };
		03A963721A1AA1DF00F19EA7 /* ImageIO.framework */ = {isa = PBXFileReference; lastKnownFileType = wrapper.framework; name = ImageIO.framework; path = System/Library/Frameworks/ImageIO.framework; sourceTree = SDKROOT; };
		03A963741A1AA1F100F19EA7 /* libc++.dylib */ = {isa = PBXFileReference; lastKnownFileType = "compiled.mach-o.dylib"; name = "libc++.dylib"; path = "usr/lib/libc++.dylib"; sourceTree = SDKROOT; };
		03A963761A1AA20500F19EA7 /* libicucore.dylib */ = {isa = PBXFileReference; lastKnownFileType = "compiled.mach-o.dylib"; name = libicucore.dylib; path = usr/lib/libicucore.dylib; sourceTree = SDKROOT; };
		03A963781A1AA21100F19EA7 /* libz.dylib */ = {isa = PBXFileReference; lastKnownFileType = "compiled.mach-o.dylib"; name = libz.dylib; path = usr/lib/libz.dylib; sourceTree = SDKROOT; };
		03A9637A1A1AA21800F19EA7 /* OpenGLES.framework */ = {isa = PBXFileReference; lastKnownFileType = wrapper.framework; name = OpenGLES.framework; path = System/Library/Frameworks/OpenGLES.framework; sourceTree = SDKROOT; };
		03A9637C1A1AA22100F19EA7 /* QuartzCore.framework */ = {isa = PBXFileReference; lastKnownFileType = wrapper.framework; name = QuartzCore.framework; path = System/Library/Frameworks/QuartzCore.framework; sourceTree = SDKROOT; };
		03A9637E1A1AA22900F19EA7 /* SystemConfiguration.framework */ = {isa = PBXFileReference; lastKnownFileType = wrapper.framework; name = SystemConfiguration.framework; path = System/Library/Frameworks/SystemConfiguration.framework; sourceTree = SDKROOT; };
		03A963801A1AA23400F19EA7 /* AVFoundation.framework */ = {isa = PBXFileReference; lastKnownFileType = wrapper.framework; name = AVFoundation.framework; path = System/Library/Frameworks/AVFoundation.framework; sourceTree = SDKROOT; };
		03A963821A1AA45000F19EA7 /* MapViewController.h */ = {isa = PBXFileReference; fileEncoding = 4; lastKnownFileType = sourcecode.c.h; path = MapViewController.h; sourceTree = "<group>"; };
		03A963831A1AA45000F19EA7 /* MapViewController.m */ = {isa = PBXFileReference; fileEncoding = 4; lastKnownFileType = sourcecode.c.objc; path = MapViewController.m; sourceTree = "<group>"; };
		03A9639E1A1BFC6A00F19EA7 /* NetworkController.h */ = {isa = PBXFileReference; fileEncoding = 4; lastKnownFileType = sourcecode.c.h; path = NetworkController.h; sourceTree = "<group>"; };
		03A9639F1A1BFC6A00F19EA7 /* NetworkController.m */ = {isa = PBXFileReference; fileEncoding = 4; lastKnownFileType = sourcecode.c.objc; path = NetworkController.m; sourceTree = "<group>"; };
		03A963A11A1BFDE400F19EA7 /* Constants.h */ = {isa = PBXFileReference; fileEncoding = 4; lastKnownFileType = sourcecode.c.h; path = Constants.h; sourceTree = "<group>"; };
		03A963A21A1BFDE400F19EA7 /* Constants.m */ = {isa = PBXFileReference; fileEncoding = 4; lastKnownFileType = sourcecode.c.objc; path = Constants.m; sourceTree = "<group>"; };
		03A963A51A1C051800F19EA7 /* Place.h */ = {isa = PBXFileReference; fileEncoding = 4; lastKnownFileType = sourcecode.c.h; path = Place.h; sourceTree = "<group>"; };
		03A963A61A1C051800F19EA7 /* Place.m */ = {isa = PBXFileReference; fileEncoding = 4; lastKnownFileType = sourcecode.c.objc; path = Place.m; sourceTree = "<group>"; };
		03A963A81A1C1A9800F19EA7 /* GooglePlacesExample.json */ = {isa = PBXFileReference; fileEncoding = 4; lastKnownFileType = text.json; path = GooglePlacesExample.json; sourceTree = "<group>"; };
		03A963C01A1D4EC900F19EA7 /* GoogleMaps.bundle */ = {isa = PBXFileReference; lastKnownFileType = "wrapper.plug-in"; path = GoogleMaps.bundle; sourceTree = "<group>"; };
		03A963C21A1D5C1500F19EA7 /* InfoWindow.xib */ = {isa = PBXFileReference; fileEncoding = 4; lastKnownFileType = file.xib; path = InfoWindow.xib; sourceTree = "<group>"; };
		03A963C51A1D5DA200F19EA7 /* InfoWindow.h */ = {isa = PBXFileReference; fileEncoding = 4; lastKnownFileType = sourcecode.c.h; path = InfoWindow.h; sourceTree = "<group>"; };
		03A963C61A1D5DA200F19EA7 /* InfoWindow.m */ = {isa = PBXFileReference; fileEncoding = 4; lastKnownFileType = sourcecode.c.objc; path = InfoWindow.m; sourceTree = "<group>"; };
		03A963C81A1E68AC00F19EA7 /* Transitioner.h */ = {isa = PBXFileReference; fileEncoding = 4; lastKnownFileType = sourcecode.c.h; path = Transitioner.h; sourceTree = "<group>"; };
		03A963C91A1E68AC00F19EA7 /* Transitioner.m */ = {isa = PBXFileReference; fileEncoding = 4; lastKnownFileType = sourcecode.c.objc; path = Transitioner.m; sourceTree = "<group>"; };
		03A964061A1EA7A600F19EA7 /* PlaceMarker.h */ = {isa = PBXFileReference; fileEncoding = 4; lastKnownFileType = sourcecode.c.h; path = PlaceMarker.h; sourceTree = "<group>"; };
		03A964071A1EA7A600F19EA7 /* PlaceMarker.m */ = {isa = PBXFileReference; fileEncoding = 4; lastKnownFileType = sourcecode.c.objc; path = PlaceMarker.m; sourceTree = "<group>"; };
		03BCF71C1A1EC46700DB8FF6 /* ASStarRatingView.h */ = {isa = PBXFileReference; fileEncoding = 4; lastKnownFileType = sourcecode.c.h; path = ASStarRatingView.h; sourceTree = "<group>"; };
		03BCF71D1A1EC46700DB8FF6 /* ASStarRatingView.m */ = {isa = PBXFileReference; fileEncoding = 4; lastKnownFileType = sourcecode.c.objc; path = ASStarRatingView.m; sourceTree = "<group>"; };
		450EAC5A1A1BB4D800C302BE /* GoogleMaps.framework */ = {isa = PBXFileReference; lastKnownFileType = wrapper.framework; path = GoogleMaps.framework; sourceTree = "<group>"; };
/* End PBXFileReference section */

/* Begin PBXFrameworksBuildPhase section */
		03A963391A1A746700F19EA7 /* Frameworks */ = {
			isa = PBXFrameworksBuildPhase;
			buildActionMask = 2147483647;
			files = (
				03A963811A1AA23400F19EA7 /* AVFoundation.framework in Frameworks */,
				03A9637F1A1AA22900F19EA7 /* SystemConfiguration.framework in Frameworks */,
				03A9637D1A1AA22100F19EA7 /* QuartzCore.framework in Frameworks */,
				03A9637B1A1AA21800F19EA7 /* OpenGLES.framework in Frameworks */,
				03A963791A1AA21100F19EA7 /* libz.dylib in Frameworks */,
				03A963771A1AA20500F19EA7 /* libicucore.dylib in Frameworks */,
				03A963751A1AA1F100F19EA7 /* libc++.dylib in Frameworks */,
				03A963731A1AA1DF00F19EA7 /* ImageIO.framework in Frameworks */,
				03A963711A1AA1D800F19EA7 /* GLKit.framework in Frameworks */,
				03A9636F1A1AA1D000F19EA7 /* CoreText.framework in Frameworks */,
				03A9636D1A1AA1BF00F19EA7 /* CoreLocation.framework in Frameworks */,
				03A963BE1A1D4E0900F19EA7 /* GoogleMaps.framework in Frameworks */,
				03A9636B1A1AA1B700F19EA7 /* CoreData.framework in Frameworks */,
			);
			runOnlyForDeploymentPostprocessing = 0;
		};
		03A963551A1A746700F19EA7 /* Frameworks */ = {
			isa = PBXFrameworksBuildPhase;
			buildActionMask = 2147483647;
			files = (
			);
			runOnlyForDeploymentPostprocessing = 0;
		};
/* End PBXFrameworksBuildPhase section */

/* Begin PBXGroup section */
		030412681A1EBA7D0055110F /* stars */ = {
			isa = PBXGroup;
			children = (
				030412691A1EBA7D0055110F /* half_selected_star.png */,
				0304126A1A1EBA7D0055110F /* half_selected_star@2x.png */,
				0304126B1A1EBA7D0055110F /* not_selected_star.png */,
				0304126C1A1EBA7D0055110F /* not_selected_star@2x.png */,
				0304126D1A1EBA7D0055110F /* selected_star.png */,
				0304126E1A1EBA7D0055110F /* selected_star@2x.png */,
			);
			path = stars;
			sourceTree = "<group>";
		};
		03A963331A1A746700F19EA7 = {
			isa = PBXGroup;
			children = (
				03A963921A1AB16800F19EA7 /* Frameworks */,
				03A9633E1A1A746700F19EA7 /* WorkWherever */,
				03A9635B1A1A746700F19EA7 /* WorkWhereverTests */,
				03A9633D1A1A746700F19EA7 /* Products */,
			);
			sourceTree = "<group>";
		};
		03A9633D1A1A746700F19EA7 /* Products */ = {
			isa = PBXGroup;
			children = (
				03A9633C1A1A746700F19EA7 /* WorkWherever.app */,
				03A963581A1A746700F19EA7 /* WorkWhereverTests.xctest */,
			);
			name = Products;
			sourceTree = "<group>";
		};
		03A9633E1A1A746700F19EA7 /* WorkWherever */ = {
			isa = PBXGroup;
			children = (
				03A963851A1AA45900F19EA7 /* Controller Layer */,
				03A963C41A1D5D8500F19EA7 /* View Layer */,
				03A963A41A1BFDE900F19EA7 /* Model Layer */,
				03A9634F1A1A746700F19EA7 /* Images.xcassets */,
				03A963511A1A746700F19EA7 /* LaunchScreen.xib */,
				03A963461A1A746700F19EA7 /* WorkWherever.xcdatamodeld */,
				03A9633F1A1A746700F19EA7 /* Supporting Files */,
			);
			path = WorkWherever;
			sourceTree = "<group>";
		};
		03A9633F1A1A746700F19EA7 /* Supporting Files */ = {
			isa = PBXGroup;
			children = (
				03A963C81A1E68AC00F19EA7 /* Transitioner.h */,
				03A963C91A1E68AC00F19EA7 /* Transitioner.m */,
				03A963A11A1BFDE400F19EA7 /* Constants.h */,
				03A963A21A1BFDE400F19EA7 /* Constants.m */,
				03A963401A1A746700F19EA7 /* Info.plist */,
				03A963411A1A746700F19EA7 /* main.m */,
			);
			name = "Supporting Files";
			sourceTree = "<group>";
		};
		03A9635B1A1A746700F19EA7 /* WorkWhereverTests */ = {
			isa = PBXGroup;
			children = (
				03A9635E1A1A746700F19EA7 /* WorkWhereverTests.m */,
				03A9635C1A1A746700F19EA7 /* Supporting Files */,
			);
			path = WorkWhereverTests;
			sourceTree = "<group>";
		};
		03A9635C1A1A746700F19EA7 /* Supporting Files */ = {
			isa = PBXGroup;
			children = (
				03A9635D1A1A746700F19EA7 /* Info.plist */,
			);
			name = "Supporting Files";
			sourceTree = "<group>";
		};
		03A963851A1AA45900F19EA7 /* Controller Layer */ = {
			isa = PBXGroup;
			children = (
				03A963431A1A746700F19EA7 /* AppDelegate.h */,
				03A963441A1A746700F19EA7 /* AppDelegate.m */,
				03A963491A1A746700F19EA7 /* ViewController.h */,
				03A9634A1A1A746700F19EA7 /* ViewController.m */,
				03A963821A1AA45000F19EA7 /* MapViewController.h */,
				03A963831A1AA45000F19EA7 /* MapViewController.m */,
				03A9639E1A1BFC6A00F19EA7 /* NetworkController.h */,
				03A9639F1A1BFC6A00F19EA7 /* NetworkController.m */,
			);
			name = "Controller Layer";
			sourceTree = "<group>";
		};
		03A963921A1AB16800F19EA7 /* Frameworks */ = {
			isa = PBXGroup;
			children = (
				03A963C01A1D4EC900F19EA7 /* GoogleMaps.bundle */,
				450EAC5A1A1BB4D800C302BE /* GoogleMaps.framework */,
				03A963801A1AA23400F19EA7 /* AVFoundation.framework */,
				03A9637E1A1AA22900F19EA7 /* SystemConfiguration.framework */,
				03A9637C1A1AA22100F19EA7 /* QuartzCore.framework */,
				03A9637A1A1AA21800F19EA7 /* OpenGLES.framework */,
				03A963781A1AA21100F19EA7 /* libz.dylib */,
				03A963761A1AA20500F19EA7 /* libicucore.dylib */,
				03A963741A1AA1F100F19EA7 /* libc++.dylib */,
				03A963721A1AA1DF00F19EA7 /* ImageIO.framework */,
				03A963701A1AA1D800F19EA7 /* GLKit.framework */,
				03A9636E1A1AA1D000F19EA7 /* CoreText.framework */,
				03A9636C1A1AA1BF00F19EA7 /* CoreLocation.framework */,
				03A9636A1A1AA1B700F19EA7 /* CoreData.framework */,
			);
			name = Frameworks;
			sourceTree = "<group>";
		};
		03A963A41A1BFDE900F19EA7 /* Model Layer */ = {
			isa = PBXGroup;
			children = (
				03A963A51A1C051800F19EA7 /* Place.h */,
				03A963A61A1C051800F19EA7 /* Place.m */,
				03A963A81A1C1A9800F19EA7 /* GooglePlacesExample.json */,
				030412681A1EBA7D0055110F /* stars */,
			);
			name = "Model Layer";
			sourceTree = "<group>";
		};
		03A963C41A1D5D8500F19EA7 /* View Layer */ = {
			isa = PBXGroup;
			children = (
				03BCF71C1A1EC46700DB8FF6 /* ASStarRatingView.h */,
				03BCF71D1A1EC46700DB8FF6 /* ASStarRatingView.m */,
				03A9634C1A1A746700F19EA7 /* Main.storyboard */,
				03A963C21A1D5C1500F19EA7 /* InfoWindow.xib */,
				03A963C51A1D5DA200F19EA7 /* InfoWindow.h */,
				03A963C61A1D5DA200F19EA7 /* InfoWindow.m */,
				03A964061A1EA7A600F19EA7 /* PlaceMarker.h */,
				03A964071A1EA7A600F19EA7 /* PlaceMarker.m */,
			);
			name = "View Layer";
			sourceTree = "<group>";
		};
/* End PBXGroup section */

/* Begin PBXNativeTarget section */
		03A9633B1A1A746700F19EA7 /* WorkWherever */ = {
			isa = PBXNativeTarget;
			buildConfigurationList = 03A963621A1A746700F19EA7 /* Build configuration list for PBXNativeTarget "WorkWherever" */;
			buildPhases = (
				03A963381A1A746700F19EA7 /* Sources */,
				03A963391A1A746700F19EA7 /* Frameworks */,
				03A9633A1A1A746700F19EA7 /* Resources */,
			);
			buildRules = (
			);
			dependencies = (
			);
			name = WorkWherever;
			productName = WorkWherever;
			productReference = 03A9633C1A1A746700F19EA7 /* WorkWherever.app */;
			productType = "com.apple.product-type.application";
		};
		03A963571A1A746700F19EA7 /* WorkWhereverTests */ = {
			isa = PBXNativeTarget;
			buildConfigurationList = 03A963651A1A746700F19EA7 /* Build configuration list for PBXNativeTarget "WorkWhereverTests" */;
			buildPhases = (
				03A963541A1A746700F19EA7 /* Sources */,
				03A963551A1A746700F19EA7 /* Frameworks */,
				03A963561A1A746700F19EA7 /* Resources */,
			);
			buildRules = (
			);
			dependencies = (
				03A9635A1A1A746700F19EA7 /* PBXTargetDependency */,
			);
			name = WorkWhereverTests;
			productName = WorkWhereverTests;
			productReference = 03A963581A1A746700F19EA7 /* WorkWhereverTests.xctest */;
			productType = "com.apple.product-type.bundle.unit-test";
		};
/* End PBXNativeTarget section */

/* Begin PBXProject section */
		03A963341A1A746700F19EA7 /* Project object */ = {
			isa = PBXProject;
			attributes = {
				LastUpgradeCheck = 0610;
				ORGANIZATIONNAME = "Joshua Winskill";
				TargetAttributes = {
					03A9633B1A1A746700F19EA7 = {
						CreatedOnToolsVersion = 6.1;
					};
					03A963571A1A746700F19EA7 = {
						CreatedOnToolsVersion = 6.1;
						TestTargetID = 03A9633B1A1A746700F19EA7;
					};
				};
			};
			buildConfigurationList = 03A963371A1A746700F19EA7 /* Build configuration list for PBXProject "WorkWherever" */;
			compatibilityVersion = "Xcode 3.2";
			developmentRegion = English;
			hasScannedForEncodings = 0;
			knownRegions = (
				en,
				Base,
			);
			mainGroup = 03A963331A1A746700F19EA7;
			productRefGroup = 03A9633D1A1A746700F19EA7 /* Products */;
			projectDirPath = "";
			projectRoot = "";
			targets = (
				03A9633B1A1A746700F19EA7 /* WorkWherever */,
				03A963571A1A746700F19EA7 /* WorkWhereverTests */,
			);
		};
/* End PBXProject section */

/* Begin PBXResourcesBuildPhase section */
		03A9633A1A1A746700F19EA7 /* Resources */ = {
			isa = PBXResourcesBuildPhase;
			buildActionMask = 2147483647;
			files = (
				03A963A91A1C1A9800F19EA7 /* GooglePlacesExample.json in Resources */,
				030412731A1EBA7D0055110F /* selected_star.png in Resources */,
				030412711A1EBA7D0055110F /* not_selected_star.png in Resources */,
				03A9634E1A1A746700F19EA7 /* Main.storyboard in Resources */,
				030412721A1EBA7D0055110F /* not_selected_star@2x.png in Resources */,
				030412701A1EBA7D0055110F /* half_selected_star@2x.png in Resources */,
				03A963531A1A746700F19EA7 /* LaunchScreen.xib in Resources */,
				03A963501A1A746700F19EA7 /* Images.xcassets in Resources */,
				03A963C11A1D4EC900F19EA7 /* GoogleMaps.bundle in Resources */,
				0304126F1A1EBA7D0055110F /* half_selected_star.png in Resources */,
				03A963C31A1D5C1500F19EA7 /* InfoWindow.xib in Resources */,
				030412741A1EBA7D0055110F /* selected_star@2x.png in Resources */,
			);
			runOnlyForDeploymentPostprocessing = 0;
		};
		03A963561A1A746700F19EA7 /* Resources */ = {
			isa = PBXResourcesBuildPhase;
			buildActionMask = 2147483647;
			files = (
			);
			runOnlyForDeploymentPostprocessing = 0;
		};
/* End PBXResourcesBuildPhase section */

/* Begin PBXSourcesBuildPhase section */
		03A963381A1A746700F19EA7 /* Sources */ = {
			isa = PBXSourcesBuildPhase;
			buildActionMask = 2147483647;
			files = (
				03A963451A1A746700F19EA7 /* AppDelegate.m in Sources */,
				03A963CA1A1E68AC00F19EA7 /* Transitioner.m in Sources */,
				03A963481A1A746700F19EA7 /* WorkWherever.xcdatamodeld in Sources */,
				03A963841A1AA45000F19EA7 /* MapViewController.m in Sources */,
				03A963A71A1C051800F19EA7 /* Place.m in Sources */,
				03A963C71A1D5DA200F19EA7 /* InfoWindow.m in Sources */,
				03A964081A1EA7A600F19EA7 /* PlaceMarker.m in Sources */,
				03A9634B1A1A746700F19EA7 /* ViewController.m in Sources */,
				03A963A01A1BFC6A00F19EA7 /* NetworkController.m in Sources */,
				03A963A31A1BFDE400F19EA7 /* Constants.m in Sources */,
				03A963421A1A746700F19EA7 /* main.m in Sources */,
				03BCF71E1A1EC46700DB8FF6 /* ASStarRatingView.m in Sources */,
			);
			runOnlyForDeploymentPostprocessing = 0;
		};
		03A963541A1A746700F19EA7 /* Sources */ = {
			isa = PBXSourcesBuildPhase;
			buildActionMask = 2147483647;
			files = (
				03A9635F1A1A746700F19EA7 /* WorkWhereverTests.m in Sources */,
			);
			runOnlyForDeploymentPostprocessing = 0;
		};
/* End PBXSourcesBuildPhase section */

/* Begin PBXTargetDependency section */
		03A9635A1A1A746700F19EA7 /* PBXTargetDependency */ = {
			isa = PBXTargetDependency;
			target = 03A9633B1A1A746700F19EA7 /* WorkWherever */;
			targetProxy = 03A963591A1A746700F19EA7 /* PBXContainerItemProxy */;
		};
/* End PBXTargetDependency section */

/* Begin PBXVariantGroup section */
		03A9634C1A1A746700F19EA7 /* Main.storyboard */ = {
			isa = PBXVariantGroup;
			children = (
				03A9634D1A1A746700F19EA7 /* Base */,
			);
			name = Main.storyboard;
			sourceTree = "<group>";
		};
		03A963511A1A746700F19EA7 /* LaunchScreen.xib */ = {
			isa = PBXVariantGroup;
			children = (
				03A963521A1A746700F19EA7 /* Base */,
			);
			name = LaunchScreen.xib;
			sourceTree = "<group>";
		};
/* End PBXVariantGroup section */

/* Begin XCBuildConfiguration section */
		03A963601A1A746700F19EA7 /* Debug */ = {
			isa = XCBuildConfiguration;
			buildSettings = {
				ALWAYS_SEARCH_USER_PATHS = NO;
				CLANG_CXX_LANGUAGE_STANDARD = "gnu++0x";
				CLANG_CXX_LIBRARY = "libc++";
				CLANG_ENABLE_MODULES = YES;
				CLANG_ENABLE_OBJC_ARC = YES;
				CLANG_WARN_BOOL_CONVERSION = YES;
				CLANG_WARN_CONSTANT_CONVERSION = YES;
				CLANG_WARN_DIRECT_OBJC_ISA_USAGE = YES_ERROR;
				CLANG_WARN_EMPTY_BODY = YES;
				CLANG_WARN_ENUM_CONVERSION = YES;
				CLANG_WARN_INT_CONVERSION = YES;
				CLANG_WARN_OBJC_ROOT_CLASS = YES_ERROR;
				CLANG_WARN_UNREACHABLE_CODE = YES;
				CLANG_WARN__DUPLICATE_METHOD_MATCH = YES;
				"CODE_SIGN_IDENTITY[sdk=iphoneos*]" = "iPhone Developer";
				COPY_PHASE_STRIP = NO;
				ENABLE_STRICT_OBJC_MSGSEND = YES;
				GCC_C_LANGUAGE_STANDARD = gnu99;
				GCC_DYNAMIC_NO_PIC = NO;
				GCC_OPTIMIZATION_LEVEL = 0;
				GCC_PREPROCESSOR_DEFINITIONS = (
					"DEBUG=1",
					"$(inherited)",
				);
				GCC_SYMBOLS_PRIVATE_EXTERN = NO;
				GCC_WARN_64_TO_32_BIT_CONVERSION = YES;
				GCC_WARN_ABOUT_RETURN_TYPE = YES_ERROR;
				GCC_WARN_UNDECLARED_SELECTOR = YES;
				GCC_WARN_UNINITIALIZED_AUTOS = YES_AGGRESSIVE;
				GCC_WARN_UNUSED_FUNCTION = YES;
				GCC_WARN_UNUSED_VARIABLE = YES;
				IPHONEOS_DEPLOYMENT_TARGET = 8.0;
				MTL_ENABLE_DEBUG_INFO = YES;
				ONLY_ACTIVE_ARCH = YES;
				"OTHER_LDFLAGS[arch=*]" = "-ObjC";
				SDKROOT = iphoneos;
				TARGETED_DEVICE_FAMILY = "1,2";
			};
			name = Debug;
		};
		03A963611A1A746700F19EA7 /* Release */ = {
			isa = XCBuildConfiguration;
			buildSettings = {
				ALWAYS_SEARCH_USER_PATHS = NO;
				CLANG_CXX_LANGUAGE_STANDARD = "gnu++0x";
				CLANG_CXX_LIBRARY = "libc++";
				CLANG_ENABLE_MODULES = YES;
				CLANG_ENABLE_OBJC_ARC = YES;
				CLANG_WARN_BOOL_CONVERSION = YES;
				CLANG_WARN_CONSTANT_CONVERSION = YES;
				CLANG_WARN_DIRECT_OBJC_ISA_USAGE = YES_ERROR;
				CLANG_WARN_EMPTY_BODY = YES;
				CLANG_WARN_ENUM_CONVERSION = YES;
				CLANG_WARN_INT_CONVERSION = YES;
				CLANG_WARN_OBJC_ROOT_CLASS = YES_ERROR;
				CLANG_WARN_UNREACHABLE_CODE = YES;
				CLANG_WARN__DUPLICATE_METHOD_MATCH = YES;
				"CODE_SIGN_IDENTITY[sdk=iphoneos*]" = "iPhone Developer";
				COPY_PHASE_STRIP = YES;
				ENABLE_NS_ASSERTIONS = NO;
				ENABLE_STRICT_OBJC_MSGSEND = YES;
				GCC_C_LANGUAGE_STANDARD = gnu99;
				GCC_WARN_64_TO_32_BIT_CONVERSION = YES;
				GCC_WARN_ABOUT_RETURN_TYPE = YES_ERROR;
				GCC_WARN_UNDECLARED_SELECTOR = YES;
				GCC_WARN_UNINITIALIZED_AUTOS = YES_AGGRESSIVE;
				GCC_WARN_UNUSED_FUNCTION = YES;
				GCC_WARN_UNUSED_VARIABLE = YES;
				IPHONEOS_DEPLOYMENT_TARGET = 8.0;
				MTL_ENABLE_DEBUG_INFO = NO;
				"OTHER_LDFLAGS[arch=*]" = "-ObjC";
				SDKROOT = iphoneos;
				TARGETED_DEVICE_FAMILY = "1,2";
				VALIDATE_PRODUCT = YES;
			};
			name = Release;
		};
		03A963631A1A746700F19EA7 /* Debug */ = {
			isa = XCBuildConfiguration;
			buildSettings = {
				ASSETCATALOG_COMPILER_APPICON_NAME = AppIcon;
				FRAMEWORK_SEARCH_PATHS = (
					"$(inherited)",
					"$(PROJECT_DIR)",
				);
				INFOPLIST_FILE = WorkWherever/Info.plist;
				LD_RUNPATH_SEARCH_PATHS = "$(inherited) @executable_path/Frameworks";
				PRODUCT_NAME = "$(TARGET_NAME)";
			};
			name = Debug;
		};
		03A963641A1A746700F19EA7 /* Release */ = {
			isa = XCBuildConfiguration;
			buildSettings = {
				ASSETCATALOG_COMPILER_APPICON_NAME = AppIcon;
				FRAMEWORK_SEARCH_PATHS = (
					"$(inherited)",
					"$(PROJECT_DIR)",
				);
				INFOPLIST_FILE = WorkWherever/Info.plist;
				LD_RUNPATH_SEARCH_PATHS = "$(inherited) @executable_path/Frameworks";
				PRODUCT_NAME = "$(TARGET_NAME)";
			};
			name = Release;
		};
		03A963661A1A746700F19EA7 /* Debug */ = {
			isa = XCBuildConfiguration;
			buildSettings = {
				BUNDLE_LOADER = "$(TEST_HOST)";
				FRAMEWORK_SEARCH_PATHS = (
					"$(SDKROOT)/Developer/Library/Frameworks",
					"$(inherited)",
				);
				GCC_PREPROCESSOR_DEFINITIONS = (
					"DEBUG=1",
					"$(inherited)",
				);
				INFOPLIST_FILE = WorkWhereverTests/Info.plist;
				LD_RUNPATH_SEARCH_PATHS = "$(inherited) @executable_path/Frameworks @loader_path/Frameworks";
				PRODUCT_NAME = "$(TARGET_NAME)";
				TEST_HOST = "$(BUILT_PRODUCTS_DIR)/WorkWherever.app/WorkWherever";
			};
			name = Debug;
		};
		03A963671A1A746700F19EA7 /* Release */ = {
			isa = XCBuildConfiguration;
			buildSettings = {
				BUNDLE_LOADER = "$(TEST_HOST)";
				FRAMEWORK_SEARCH_PATHS = (
					"$(SDKROOT)/Developer/Library/Frameworks",
					"$(inherited)",
				);
				INFOPLIST_FILE = WorkWhereverTests/Info.plist;
				LD_RUNPATH_SEARCH_PATHS = "$(inherited) @executable_path/Frameworks @loader_path/Frameworks";
				PRODUCT_NAME = "$(TARGET_NAME)";
				TEST_HOST = "$(BUILT_PRODUCTS_DIR)/WorkWherever.app/WorkWherever";
			};
			name = Release;
		};
/* End XCBuildConfiguration section */

/* Begin XCConfigurationList section */
		03A963371A1A746700F19EA7 /* Build configuration list for PBXProject "WorkWherever" */ = {
			isa = XCConfigurationList;
			buildConfigurations = (
				03A963601A1A746700F19EA7 /* Debug */,
				03A963611A1A746700F19EA7 /* Release */,
			);
			defaultConfigurationIsVisible = 0;
			defaultConfigurationName = Release;
		};
		03A963621A1A746700F19EA7 /* Build configuration list for PBXNativeTarget "WorkWherever" */ = {
			isa = XCConfigurationList;
			buildConfigurations = (
				03A963631A1A746700F19EA7 /* Debug */,
				03A963641A1A746700F19EA7 /* Release */,
			);
			defaultConfigurationIsVisible = 0;
			defaultConfigurationName = Release;
		};
		03A963651A1A746700F19EA7 /* Build configuration list for PBXNativeTarget "WorkWhereverTests" */ = {
			isa = XCConfigurationList;
			buildConfigurations = (
				03A963661A1A746700F19EA7 /* Debug */,
				03A963671A1A746700F19EA7 /* Release */,
			);
			defaultConfigurationIsVisible = 0;
			defaultConfigurationName = Release;
		};
/* End XCConfigurationList section */

/* Begin XCVersionGroup section */
		03A963461A1A746700F19EA7 /* WorkWherever.xcdatamodeld */ = {
			isa = XCVersionGroup;
			children = (
				03A963471A1A746700F19EA7 /* WorkWherever.xcdatamodel */,
			);
			currentVersion = 03A963471A1A746700F19EA7 /* WorkWherever.xcdatamodel */;
			path = WorkWherever.xcdatamodeld;
			sourceTree = "<group>";
			versionGroupType = wrapper.xcdatamodel;
		};
/* End XCVersionGroup section */
	};
	rootObject = 03A963341A1A746700F19EA7 /* Project object */;
}
